
Microsoft Visual Studio Solution File, Format Version 12.00
# Visual Studio Version 17
VisualStudioVersion = 17.12.35527.113 d17.12
MinimumVisualStudioVersion = 10.0.40219.1
Project("{FAE04EC0-301F-11D3-BF4B-00C04F79EFBC}") = "Practice 2_1 Sulemanov", "Practice 2_1 Sulemanov\Practice 2_1 Sulemanov.csproj", "{B848260B-6AF5-4D58-9E15-896726EF5580}"
EndProject
Global
	GlobalSection(SolutionConfigurationPlatforms) = preSolution
		Debug|Any CPU = Debug|Any CPU
		Release|Any CPU = Release|Any CPU
	EndGlobalSection
	GlobalSection(ProjectConfigurationPlatforms) = postSolution
		{B848260B-6AF5-4D58-9E15-896726EF5580}.Debug|Any CPU.ActiveCfg = Debug|Any CPU
		{B848260B-6AF5-4D58-9E15-896726EF5580}.Debug|Any CPU.Build.0 = Debug|Any CPU
		{B848260B-6AF5-4D58-9E15-896726EF5580}.Release|Any CPU.ActiveCfg = Release|Any CPU
		{B848260B-6AF5-4D58-9E15-896726EF5580}.Release|Any CPU.Build.0 = Release|Any CPU
	EndGlobalSection
	GlobalSection(SolutionProperties) = preSolution
		HideSolutionNode = FALSE
	EndGlobalSection
EndGlobal
